
Microsoft Visual Studio Solution File, Format Version 12.00
# Visual Studio Version 16
VisualStudioVersion = 16.0.31410.357
MinimumVisualStudioVersion = 10.0.40219.1
Project("{8BC9CEB8-8B4A-11D0-8D11-00A0C91BC942}") = "stl", "stl\stl.vcxproj", "{D77106EE-5F5C-4597-83BA-A3FDC42463E2}"
EndProject
Global
	GlobalSection(SolutionConfigurationPlatforms) = preSolution
		Debug|x64 = Debug|x64
		Debug|x86 = Debug|x86
		Release|x64 = Release|x64
		Release|x86 = Release|x86
	EndGlobalSection
	GlobalSection(ProjectConfigurationPlatforms) = postSolution
		{D77106EE-5F5C-4597-83BA-A3FDC42463E2}.Debug|x64.ActiveCfg = Debug|x64
		{D77106EE-5F5C-4597-83BA-A3FDC42463E2}.Debug|x64.Build.0 = Debug|x64
		{D77106EE-5F5C-4597-83BA-A3FDC42463E2}.Debug|x86.ActiveCfg = Debug|Win32
		{D77106EE-5F5C-4597-83BA-A3FDC42463E2}.Debug|x86.Build.0 = Debug|Win32
		{D77106EE-5F5C-4597-83BA-A3FDC42463E2}.Release|x64.ActiveCfg = Release|x64
		{D77106EE-5F5C-4597-83BA-A3FDC42463E2}.Release|x64.Build.0 = Release|x64
		{D77106EE-5F5C-4597-83BA-A3FDC42463E2}.Release|x86.ActiveCfg = Release|Win32
		{D77106EE-5F5C-4597-83BA-A3FDC42463E2}.Release|x86.Build.0 = Release|Win32
	EndGlobalSection
	GlobalSection(SolutionProperties) = preSolution
		HideSolutionNode = FALSE
	EndGlobalSection
	GlobalSection(ExtensibilityGlobals) = postSolution
		SolutionGuid = {01D97C01-B597-4910-B2D6-21299E42E59C}
	EndGlobalSection
EndGlobal
